{
	"requires": true,
	"lockfileVersion": 1,
	"dependencies": {
		"lottie-miniprogram": {
			"version": "1.0.11",
			"resolved": "https://registry.npmjs.org/lottie-miniprogram/-/lottie-miniprogram-1.0.11.tgz",
			"integrity": "sha512-NFIFKLyI1IPQf0UemzE0c4eGm6mQsqRwtBsFNkUfM/4vi4MipJcemFDz3RpekkDRxm0jTqrMp6fWEeoq3uHl/Q=="
		},
		"oneutil": {
			"version": "1.1.0",
			"resolved": "https://registry.npmjs.org/oneutil/-/oneutil-1.1.0.tgz",
			"integrity": "sha512-y9JGynV6nXMrAPZGiOGKgMkFBD9pGJvnN13/g1oV31IHVUxlki3YkE8cltgqaz9Xl2ANl9cBJnnPcBCyiA86YA=="
		}
	}
}
